// !$*UTF8*$!
{
	archiveVersion = 1;
	classes = {
	};
	objectVersion = 46;
	objects = {

/* Begin PBXBuildFile section */
		47421C131A0E837100B9A00C /* AppDelegate.swift in Sources */ = {isa = PBXBuildFile; fileRef = 47421C121A0E837100B9A00C /* AppDelegate.swift */; };
		47421C181A0E837100B9A00C /* Main.storyboard in Resources */ = {isa = PBXBuildFile; fileRef = 47421C161A0E837100B9A00C /* Main.storyboard */; };
		47421C1A1A0E837100B9A00C /* Images.xcassets in Resources */ = {isa = PBXBuildFile; fileRef = 47421C191A0E837100B9A00C /* Images.xcassets */; };
		47421C1D1A0E837100B9A00C /* LaunchScreen.xib in Resources */ = {isa = PBXBuildFile; fileRef = 47421C1B1A0E837100B9A00C /* LaunchScreen.xib */; };
		47421C291A0E837200B9A00C /* _832_SafePadTests.swift in Sources */ = {isa = PBXBuildFile; fileRef = 47421C281A0E837200B9A00C /* _832_SafePadTests.swift */; };
		47421C331A0E9B8400B9A00C /* CodeViewController.swift in Sources */ = {isa = PBXBuildFile; fileRef = 47421C321A0E9B8400B9A00C /* CodeViewController.swift */; };
		47AD113F1A0EB4FE001AC1D3 /* Backup.storyboard in Resources */ = {isa = PBXBuildFile; fileRef = 47AD113D1A0EB4FE001AC1D3 /* Backup.storyboard */; };
/* End PBXBuildFile section */

/* Begin PBXContainerItemProxy section */
		47421C231A0E837200B9A00C /* PBXContainerItemProxy */ = {
			isa = PBXContainerItemProxy;
			containerPortal = 47421C051A0E837100B9A00C /* Project object */;
			proxyType = 1;
			remoteGlobalIDString = 47421C0C1A0E837100B9A00C;
			remoteInfo = "9832 SafePad";
		};
/* End PBXContainerItemProxy section */

/* Begin PBXFileReference section */
		47421C0D1A0E837100B9A00C /* 9832.app */ = {isa = PBXFileReference; explicitFileType = wrapper.application; includeInIndex = 0; path = 9832.app; sourceTree = BUILT_PRODUCTS_DIR; };
		47421C111A0E837100B9A00C /* Info.plist */ = {isa = PBXFileReference; lastKnownFileType = text.plist.xml; path = Info.plist; sourceTree = "<group>"; };
		47421C121A0E837100B9A00C /* AppDelegate.swift */ = {isa = PBXFileReference; lastKnownFileType = sourcecode.swift; path = AppDelegate.swift; sourceTree = "<group>"; };
		47421C171A0E837100B9A00C /* Base */ = {isa = PBXFileReference; lastKnownFileType = file.storyboard; name = Base; path = Base.lproj/Main.storyboard; sourceTree = "<group>"; };
		47421C191A0E837100B9A00C /* Images.xcassets */ = {isa = PBXFileReference; lastKnownFileType = folder.assetcatalog; path = Images.xcassets; sourceTree = "<group>"; };
		47421C1C1A0E837100B9A00C /* Base */ = {isa = PBXFileReference; lastKnownFileType = file.xib; name = Base; path = Base.lproj/LaunchScreen.xib; sourceTree = "<group>"; };
		47421C221A0E837200B9A00C /* 9832Tests.xctest */ = {isa = PBXFileReference; explicitFileType = wrapper.cfbundle; includeInIndex = 0; path = 9832Tests.xctest; sourceTree = BUILT_PRODUCTS_DIR; };
		47421C271A0E837200B9A00C /* Info.plist */ = {isa = PBXFileReference; lastKnownFileType = text.plist.xml; path = Info.plist; sourceTree = "<group>"; };
		47421C281A0E837200B9A00C /* _832_SafePadTests.swift */ = {isa = PBXFileReference; lastKnownFileType = sourcecode.swift; path = _832_SafePadTests.swift; sourceTree = "<group>"; };
		47421C321A0E9B8400B9A00C /* CodeViewController.swift */ = {isa = PBXFileReference; fileEncoding = 4; lastKnownFileType = sourcecode.swift; path = CodeViewController.swift; sourceTree = "<group>"; };
		47AD113E1A0EB4FE001AC1D3 /* Base */ = {isa = PBXFileReference; lastKnownFileType = file.storyboard; name = Base; path = Base.lproj/Backup.storyboard; sourceTree = "<group>"; };
/* End PBXFileReference section */

/* Begin PBXFrameworksBuildPhase section */
		47421C0A1A0E837100B9A00C /* Frameworks */ = {
			isa = PBXFrameworksBuildPhase;
			buildActionMask = 2147483647;
			files = (
			);
			runOnlyForDeploymentPostprocessing = 0;
		};
		47421C1F1A0E837200B9A00C /* Frameworks */ = {
			isa = PBXFrameworksBuildPhase;
			buildActionMask = 2147483647;
			files = (
			);
			runOnlyForDeploymentPostprocessing = 0;
		};
/* End PBXFrameworksBuildPhase section */

/* Begin PBXGroup section */
		47421C041A0E837100B9A00C = {
			isa = PBXGroup;
			children = (
				47421C0F1A0E837100B9A00C /* 9832 */,
				47421C251A0E837200B9A00C /* 9832Tests */,
				47421C0E1A0E837100B9A00C /* Products */,
			);
			sourceTree = "<group>";
		};
		47421C0E1A0E837100B9A00C /* Products */ = {
			isa = PBXGroup;
			children = (
				47421C0D1A0E837100B9A00C /* 9832.app */,
				47421C221A0E837200B9A00C /* 9832Tests.xctest */,
			);
			name = Products;
			sourceTree = "<group>";
		};
		47421C0F1A0E837100B9A00C /* 9832 */ = {
			isa = PBXGroup;
			children = (
				47421C121A0E837100B9A00C /* AppDelegate.swift */,
				47421C161A0E837100B9A00C /* Main.storyboard */,
				47AD113D1A0EB4FE001AC1D3 /* Backup.storyboard */,
				47421C191A0E837100B9A00C /* Images.xcassets */,
				47421C1B1A0E837100B9A00C /* LaunchScreen.xib */,
				47421C101A0E837100B9A00C /* Supporting Files */,
				47421C321A0E9B8400B9A00C /* CodeViewController.swift */,
			);
			name = 9832;
			path = "9832 SafePad";
			sourceTree = "<group>";
		};
		47421C101A0E837100B9A00C /* Supporting Files */ = {
			isa = PBXGroup;
			children = (
				47421C111A0E837100B9A00C /* Info.plist */,
			);
			name = "Supporting Files";
			sourceTree = "<group>";
		};
		47421C251A0E837200B9A00C /* 9832Tests */ = {
			isa = PBXGroup;
			children = (
				47421C281A0E837200B9A00C /* _832_SafePadTests.swift */,
				47421C261A0E837200B9A00C /* Supporting Files */,
			);
			name = 9832Tests;
			path = "9832 SafePadTests";
			sourceTree = "<group>";
		};
		47421C261A0E837200B9A00C /* Supporting Files */ = {
			isa = PBXGroup;
			children = (
				47421C271A0E837200B9A00C /* Info.plist */,
			);
			name = "Supporting Files";
			sourceTree = "<group>";
		};
/* End PBXGroup section */

/* Begin PBXNativeTarget section */
		47421C0C1A0E837100B9A00C /* 9832 */ = {
			isa = PBXNativeTarget;
			buildConfigurationList = 47421C2C1A0E837200B9A00C /* Build configuration list for PBXNativeTarget "9832" */;
			buildPhases = (
				47421C091A0E837100B9A00C /* Sources */,
				47421C0A1A0E837100B9A00C /* Frameworks */,
				47421C0B1A0E837100B9A00C /* Resources */,
			);
			buildRules = (
			);
			dependencies = (
			);
			name = 9832;
			productName = "9832 SafePad";
			productReference = 47421C0D1A0E837100B9A00C /* 9832.app */;
			productType = "com.apple.product-type.application";
		};
		47421C211A0E837200B9A00C /* 9832Tests */ = {
			isa = PBXNativeTarget;
			buildConfigurationList = 47421C2F1A0E837200B9A00C /* Build configuration list for PBXNativeTarget "9832Tests" */;
			buildPhases = (
				47421C1E1A0E837200B9A00C /* Sources */,
				47421C1F1A0E837200B9A00C /* Frameworks */,
				47421C201A0E837200B9A00C /* Resources */,
			);
			buildRules = (
			);
			dependencies = (
				47421C241A0E837200B9A00C /* PBXTargetDependency */,
			);
			name = 9832Tests;
			productName = "9832 SafePadTests";
			productReference = 47421C221A0E837200B9A00C /* 9832Tests.xctest */;
			productType = "com.apple.product-type.bundle.unit-test";
		};
/* End PBXNativeTarget section */

/* Begin PBXProject section */
		47421C051A0E837100B9A00C /* Project object */ = {
			isa = PBXProject;
			attributes = {
				LastUpgradeCheck = 0610;
				ORGANIZATIONNAME = "Conal Clapper";
				TargetAttributes = {
					47421C0C1A0E837100B9A00C = {
						CreatedOnToolsVersion = 6.1;
					};
					47421C211A0E837200B9A00C = {
						CreatedOnToolsVersion = 6.1;
						TestTargetID = 47421C0C1A0E837100B9A00C;
					};
				};
			};
			buildConfigurationList = 47421C081A0E837100B9A00C /* Build configuration list for PBXProject "9832" */;
			compatibilityVersion = "Xcode 3.2";
			developmentRegion = English;
			hasScannedForEncodings = 0;
			knownRegions = (
				en,
				Base,
			);
			mainGroup = 47421C041A0E837100B9A00C;
			productRefGroup = 47421C0E1A0E837100B9A00C /* Products */;
			projectDirPath = "";
			projectRoot = "";
			targets = (
				47421C0C1A0E837100B9A00C /* 9832 */,
				47421C211A0E837200B9A00C /* 9832Tests */,
			);
		};
/* End PBXProject section */

/* Begin PBXResourcesBuildPhase section */
		47421C0B1A0E837100B9A00C /* Resources */ = {
			isa = PBXResourcesBuildPhase;
			buildActionMask = 2147483647;
			files = (
				47421C181A0E837100B9A00C /* Main.storyboard in Resources */,
				47421C1D1A0E837100B9A00C /* LaunchScreen.xib in Resources */,
				47AD113F1A0EB4FE001AC1D3 /* Backup.storyboard in Resources */,
				47421C1A1A0E837100B9A00C /* Images.xcassets in Resources */,
			);
			runOnlyForDeploymentPostprocessing = 0;
		};
		47421C201A0E837200B9A00C /* Resources */ = {
			isa = PBXResourcesBuildPhase;
			buildActionMask = 2147483647;
			files = (
			);
			runOnlyForDeploymentPostprocessing = 0;
		};
/* End PBXResourcesBuildPhase section */

/* Begin PBXSourcesBuildPhase section */
		47421C091A0E837100B9A00C /* Sources */ = {
			isa = PBXSourcesBuildPhase;
			buildActionMask = 2147483647;
			files = (
				47421C331A0E9B8400B9A00C /* CodeViewController.swift in Sources */,
				47421C131A0E837100B9A00C /* AppDelegate.swift in Sources */,
			);
			runOnlyForDeploymentPostprocessing = 0;
		};
		47421C1E1A0E837200B9A00C /* Sources */ = {
			isa = PBXSourcesBuildPhase;
			buildActionMask = 2147483647;
			files = (
				47421C291A0E837200B9A00C /* _832_SafePadTests.swift in Sources */,
			);
			runOnlyForDeploymentPostprocessing = 0;
		};
/* End PBXSourcesBuildPhase section */

/* Begin PBXTargetDependency section */
		47421C241A0E837200B9A00C /* PBXTargetDependency */ = {
			isa = PBXTargetDependency;
			target = 47421C0C1A0E837100B9A00C /* 9832 */;
			targetProxy = 47421C231A0E837200B9A00C /* PBXContainerItemProxy */;
		};
/* End PBXTargetDependency section */

/* Begin PBXVariantGroup section */
		47421C161A0E837100B9A00C /* Main.storyboard */ = {
			isa = PBXVariantGroup;
			children = (
				47421C171A0E837100B9A00C /* Base */,
			);
			name = Main.storyboard;
			sourceTree = "<group>";
		};
		47421C1B1A0E837100B9A00C /* LaunchScreen.xib */ = {
			isa = PBXVariantGroup;
			children = (
				47421C1C1A0E837100B9A00C /* Base */,
			);
			name = LaunchScreen.xib;
			sourceTree = "<group>";
		};
		47AD113D1A0EB4FE001AC1D3 /* Backup.storyboard */ = {
			isa = PBXVariantGroup;
			children = (
				47AD113E1A0EB4FE001AC1D3 /* Base */,
			);
			name = Backup.storyboard;
			sourceTree = "<group>";
		};
/* End PBXVariantGroup section */

/* Begin XCBuildConfiguration section */
		47421C2A1A0E837200B9A00C /* Debug */ = {
			isa = XCBuildConfiguration;
			buildSettings = {
				ALWAYS_SEARCH_USER_PATHS = NO;
				CLANG_CXX_LANGUAGE_STANDARD = "gnu++0x";
				CLANG_CXX_LIBRARY = "libc++";
				CLANG_ENABLE_MODULES = YES;
				CLANG_ENABLE_OBJC_ARC = YES;
				CLANG_WARN_BOOL_CONVERSION = YES;
				CLANG_WARN_CONSTANT_CONVERSION = YES;
				CLANG_WARN_DIRECT_OBJC_ISA_USAGE = YES_ERROR;
				CLANG_WARN_EMPTY_BODY = YES;
				CLANG_WARN_ENUM_CONVERSION = YES;
				CLANG_WARN_INT_CONVERSION = YES;
				CLANG_WARN_OBJC_ROOT_CLASS = YES_ERROR;
				CLANG_WARN_UNREACHABLE_CODE = YES;
				CLANG_WARN__DUPLICATE_METHOD_MATCH = YES;
				"CODE_SIGN_IDENTITY[sdk=iphoneos*]" = "iPhone Developer";
				COPY_PHASE_STRIP = NO;
				ENABLE_STRICT_OBJC_MSGSEND = YES;
				GCC_C_LANGUAGE_STANDARD = gnu99;
				GCC_DYNAMIC_NO_PIC = NO;
				GCC_OPTIMIZATION_LEVEL = 0;
				GCC_PREPROCESSOR_DEFINITIONS = (
					"DEBUG=1",
					"$(inherited)",
				);
				GCC_SYMBOLS_PRIVATE_EXTERN = NO;
				GCC_WARN_64_TO_32_BIT_CONVERSION = YES;
				GCC_WARN_ABOUT_RETURN_TYPE = YES_ERROR;
				GCC_WARN_UNDECLARED_SELECTOR = YES;
				GCC_WARN_UNINITIALIZED_AUTOS = YES_AGGRESSIVE;
				GCC_WARN_UNUSED_FUNCTION = YES;
				GCC_WARN_UNUSED_VARIABLE = YES;
				IPHONEOS_DEPLOYMENT_TARGET = 8.1;
				MTL_ENABLE_DEBUG_INFO = YES;
				ONLY_ACTIVE_ARCH = YES;
				SDKROOT = iphoneos;
				SWIFT_OPTIMIZATION_LEVEL = "-Onone";
			};
			name = Debug;
		};
		47421C2B1A0E837200B9A00C /* Release */ = {
			isa = XCBuildConfiguration;
			buildSettings = {
				ALWAYS_SEARCH_USER_PATHS = NO;
				CLANG_CXX_LANGUAGE_STANDARD = "gnu++0x";
				CLANG_CXX_LIBRARY = "libc++";
				CLANG_ENABLE_MODULES = YES;
				CLANG_ENABLE_OBJC_ARC = YES;
				CLANG_WARN_BOOL_CONVERSION = YES;
				CLANG_WARN_CONSTANT_CONVERSION = YES;
				CLANG_WARN_DIRECT_OBJC_ISA_USAGE = YES_ERROR;
				CLANG_WARN_EMPTY_BODY = YES;
				CLANG_WARN_ENUM_CONVERSION = YES;
				CLANG_WARN_INT_CONVERSION = YES;
				CLANG_WARN_OBJC_ROOT_CLASS = YES_ERROR;
				CLANG_WARN_UNREACHABLE_CODE = YES;
				CLANG_WARN__DUPLICATE_METHOD_MATCH = YES;
				"CODE_SIGN_IDENTITY[sdk=iphoneos*]" = "iPhone Developer";
				COPY_PHASE_STRIP = YES;
				ENABLE_NS_ASSERTIONS = NO;
				ENABLE_STRICT_OBJC_MSGSEND = YES;
				GCC_C_LANGUAGE_STANDARD = gnu99;
				GCC_WARN_64_TO_32_BIT_CONVERSION = YES;
				GCC_WARN_ABOUT_RETURN_TYPE = YES_ERROR;
				GCC_WARN_UNDECLARED_SELECTOR = YES;
				GCC_WARN_UNINITIALIZED_AUTOS = YES_AGGRESSIVE;
				GCC_WARN_UNUSED_FUNCTION = YES;
				GCC_WARN_UNUSED_VARIABLE = YES;
				IPHONEOS_DEPLOYMENT_TARGET = 8.1;
				MTL_ENABLE_DEBUG_INFO = NO;
				SDKROOT = iphoneos;
				VALIDATE_PRODUCT = YES;
			};
			name = Release;
		};
		47421C2D1A0E837200B9A00C /* Debug */ = {
			isa = XCBuildConfiguration;
			buildSettings = {
				ASSETCATALOG_COMPILER_APPICON_NAME = AppIcon;
				"CODE_SIGN_IDENTITY[sdk=iphoneos*]" = "";
				INFOPLIST_FILE = "9832 SafePad/Info.plist";
				IPHONEOS_DEPLOYMENT_TARGET = 8.1;
				LD_RUNPATH_SEARCH_PATHS = "$(inherited) @executable_path/Frameworks";
				PRODUCT_NAME = 9832;
			};
			name = Debug;
		};
		47421C2E1A0E837200B9A00C /* Release */ = {
			isa = XCBuildConfiguration;
			buildSettings = {
				ASSETCATALOG_COMPILER_APPICON_NAME = AppIcon;
				"CODE_SIGN_IDENTITY[sdk=iphoneos*]" = "";
				INFOPLIST_FILE = "9832 SafePad/Info.plist";
				IPHONEOS_DEPLOYMENT_TARGET = 8.1;
				LD_RUNPATH_SEARCH_PATHS = "$(inherited) @executable_path/Frameworks";
				PRODUCT_NAME = 9832;
			};
			name = Release;
		};
		47421C301A0E837200B9A00C /* Debug */ = {
			isa = XCBuildConfiguration;
			buildSettings = {
				BUNDLE_LOADER = "$(TEST_HOST)";
				FRAMEWORK_SEARCH_PATHS = (
					"$(SDKROOT)/Developer/Library/Frameworks",
					"$(inherited)",
				);
				GCC_PREPROCESSOR_DEFINITIONS = (
					"DEBUG=1",
					"$(inherited)",
				);
				INFOPLIST_FILE = "9832 SafePadTests/Info.plist";
				LD_RUNPATH_SEARCH_PATHS = "$(inherited) @executable_path/Frameworks @loader_path/Frameworks";
				PRODUCT_NAME = 9832Tests;
				TEST_HOST = "$(BUILT_PRODUCTS_DIR)/9832 SafePad.app/9832 SafePad";
			};
			name = Debug;
		};
		47421C311A0E837200B9A00C /* Release */ = {
			isa = XCBuildConfiguration;
			buildSettings = {
				BUNDLE_LOADER = "$(TEST_HOST)";
				FRAMEWORK_SEARCH_PATHS = (
					"$(SDKROOT)/Developer/Library/Frameworks",
					"$(inherited)",
				);
				INFOPLIST_FILE = "9832 SafePadTests/Info.plist";
				LD_RUNPATH_SEARCH_PATHS = "$(inherited) @executable_path/Frameworks @loader_path/Frameworks";
				PRODUCT_NAME = 9832Tests;
				TEST_HOST = "$(BUILT_PRODUCTS_DIR)/9832 SafePad.app/9832 SafePad";
			};
			name = Release;
		};
/* End XCBuildConfiguration section */

/* Begin XCConfigurationList section */
		47421C081A0E837100B9A00C /* Build configuration list for PBXProject "9832" */ = {
			isa = XCConfigurationList;
			buildConfigurations = (
				47421C2A1A0E837200B9A00C /* Debug */,
				47421C2B1A0E837200B9A00C /* Release */,
			);
			defaultConfigurationIsVisible = 0;
			defaultConfigurationName = Release;
		};
		47421C2C1A0E837200B9A00C /* Build configuration list for PBXNativeTarget "9832" */ = {
			isa = XCConfigurationList;
			buildConfigurations = (
				47421C2D1A0E837200B9A00C /* Debug */,
				47421C2E1A0E837200B9A00C /* Release */,
			);
			defaultConfigurationIsVisible = 0;
			defaultConfigurationName = Release;
		};
		47421C2F1A0E837200B9A00C /* Build configuration list for PBXNativeTarget "9832Tests" */ = {
			isa = XCConfigurationList;
			buildConfigurations = (
				47421C301A0E837200B9A00C /* Debug */,
				47421C311A0E837200B9A00C /* Release */,
			);
			defaultConfigurationIsVisible = 0;
			defaultConfigurationName = Release;
		};
/* End XCConfigurationList section */
	};
	rootObject = 47421C051A0E837100B9A00C /* Project object */;
}
